{
  "name": "pakon-planar-raw-converter",
  "version": "1.0.0-alpha.20260712-01",
  "lockfileVersion": 3,
  "requires": true,
  "packages": {
    "": {
      "name": "pakon-planar-raw-converter",
      "version": "1.0.0-alpha.20260712-01",
      "hasInstallScript": true,
      "license": "PolyForm-Noncommercial-1.0.0",
      "dependencies": {
        "@alibosworth/atlas-node": "^2026.7.12-alpha.1",
        "bluebird": "^3.5.1",
        "commander": "^12.1.0",
        "update-notifier": "^7.3.1"
      },
      "bin": {
        "pakon-planar-raw-converter": "index.js",
        "pprc": "index.js"
      }
    },
    "node_modules/@alibosworth/atlas-node": {
      "version": "2026.7.12-alpha.1",
      "resolved": "https://registry.npmjs.org/@alibosworth/atlas-node/-/atlas-node-2026.7.12-alpha.1.tgz",
      "integrity": "sha512-zDg8rTCrLApyozifZOevgu1AI1J6ky+3/7D1VI53s/0B3Aw2a20EUuWukwkrM5wTL6XA35nO8TQVN7/3Y/eTkg==",
      "license": "SEE LICENSE IN LICENSE",
      "dependencies": {
        "@napi-rs/cli": "^2.18.0"
      },
      "optionalDependencies": {
        "@alibosworth/atlas-node-darwin-arm64": "2026.7.12-alpha.1",
        "@alibosworth/atlas-node-darwin-x64": "2026.7.12-alpha.1",
        "@alibosworth/atlas-node-linux-x64-gnu": "2026.7.12-alpha.1",
        "@alibosworth/atlas-node-win32-x64-msvc": "2026.7.12-alpha.1"
      }
    },
    "node_modules/@alibosworth/atlas-node-darwin-arm64": {
      "version": "2026.7.12-alpha.1",
      "resolved": "https://registry.npmjs.org/@alibosworth/atlas-node-darwin-arm64/-/atlas-node-darwin-arm64-2026.7.12-alpha.1.tgz",
      "integrity": "sha512-hlY0awQeN2ybVWXQkO/+i/5jr/oYSpDdnkr17E745Ns0L7U8ZN//pZgnvtv1FfyIa+jF63bKWdDHVaRhUxuQ/w==",
      "cpu": [
        "arm64"
      ],
      "license": "SEE LICENSE IN LICENSE",
      "optional": true,
      "os": [
        "darwin"
      ]
    },
    "node_modules/@alibosworth/atlas-node-darwin-x64": {
      "version": "2026.7.12-alpha.1",
      "resolved": "https://registry.npmjs.org/@alibosworth/atlas-node-darwin-x64/-/atlas-node-darwin-x64-2026.7.12-alpha.1.tgz",
      "integrity": "sha512-r2dNB5GlS1HxeeJ9d0eLpolCVS2Km2/kj5h4RB+m//uWBEKrND07+KrdbkZAkrKs/2oT9PhBgXj6J5l5lxhKYA==",
      "cpu": [
        "x64"
      ],
      "license": "SEE LICENSE IN LICENSE",
      "optional": true,
      "os": [
        "darwin"
      ]
    },
    "node_modules/@alibosworth/atlas-node-linux-x64-gnu": {
      "version": "2026.7.12-alpha.1",
      "resolved": "https://registry.npmjs.org/@alibosworth/atlas-node-linux-x64-gnu/-/atlas-node-linux-x64-gnu-2026.7.12-alpha.1.tgz",
      "integrity": "sha512-Kk+YqJrzK1pEFGzsQ0Vgzf+0yvahRh5Z5ayhGwWWp5/jsiSCXmbaEVwDR3aT+9na/fDuZULNV5XNOQyqfM8RMA==",
      "cpu": [
        "x64"
      ],
      "license": "SEE LICENSE IN LICENSE",
      "optional": true,
      "os": [
        "linux"
      ]
    },
    "node_modules/@alibosworth/atlas-node-win32-x64-msvc": {
      "version": "2026.7.12-alpha.1",
      "resolved": "https://registry.npmjs.org/@alibosworth/atlas-node-win32-x64-msvc/-/atlas-node-win32-x64-msvc-2026.7.12-alpha.1.tgz",
      "integrity": "sha512-fiHmCFSLmRQASD5Bquxv63olzb5bzNxhU0oLRz7HUZX8BfETfX1k0rgTDnwK3dDh3mElBRkEV0Od4RdleYAg5A==",
      "cpu": [
        "x64"
      ],
      "license": "SEE LICENSE IN LICENSE",
      "optional": true,
      "os": [
        "win32"
      ]
    },
    "node_modules/@napi-rs/cli": {
      "version": "2.18.4",
      "license": "MIT",
      "bin": {
        "napi": "scripts/index.js"
      },
      "engines": {
        "node": ">= 10"
      },
      "funding": {
        "type": "github",
        "url": "https://github.com/sponsors/Brooooooklyn"
      }
    },
    "node_modules/@pnpm/config.env-replace": {
      "version": "1.1.0",
      "license": "MIT",
      "engines": {
        "node": ">=12.22.0"
      }
    },
    "node_modules/@pnpm/network.ca-file": {
      "version": "1.0.2",
      "license": "MIT",
      "dependencies": {
        "graceful-fs": "4.2.10"
      },
      "engines": {
        "node": ">=12.22.0"
      }
    },
    "node_modules/@pnpm/network.ca-file/node_modules/graceful-fs": {
      "version": "4.2.10",
      "license": "ISC"
    },
    "node_modules/@pnpm/npm-conf": {
      "version": "3.0.2",
      "license": "MIT",
      "dependencies": {
        "@pnpm/config.env-replace": "^1.1.0",
        "@pnpm/network.ca-file": "^1.0.1",
        "config-chain": "^1.1.11"
      },
      "engines": {
        "node": ">=12"
      }
    },
    "node_modules/ansi-align": {
      "version": "3.0.1",
      "license": "ISC",
      "dependencies": {
        "string-width": "^4.1.0"
      }
    },
    "node_modules/ansi-align/node_modules/ansi-regex": {
      "version": "5.0.1",
      "license": "MIT",
      "engines": {
        "node": ">=8"
      }
    },
    "node_modules/ansi-align/node_modules/emoji-regex": {
      "version": "8.0.0",
      "license": "MIT"
    },
    "node_modules/ansi-align/node_modules/string-width": {
      "version": "4.2.3",
      "license": "MIT",
      "dependencies": {
        "emoji-regex": "^8.0.0",
        "is-fullwidth-code-point": "^3.0.0",
        "strip-ansi": "^6.0.1"
      },
      "engines": {
        "node": ">=8"
      }
    },
    "node_modules/ansi-align/node_modules/strip-ansi": {
      "version": "6.0.1",
      "license": "MIT",
      "dependencies": {
        "ansi-regex": "^5.0.1"
      },
      "engines": {
        "node": ">=8"
      }
    },
    "node_modules/ansi-regex": {
      "version": "6.2.2",
      "license": "MIT",
      "engines": {
        "node": ">=12"
      },
      "funding": {
        "url": "https://github.com/chalk/ansi-regex?sponsor=1"
      }
    },
    "node_modules/ansi-styles": {
      "version": "6.2.3",
      "license": "MIT",
      "engines": {
        "node": ">=12"
      },
      "funding": {
        "url": "https://github.com/chalk/ansi-styles?sponsor=1"
      }
    },
    "node_modules/atomically": {
      "version": "2.1.1",
      "license": "MIT",
      "dependencies": {
        "stubborn-fs": "^2.0.0",
        "when-exit": "^2.1.4"
      }
    },
    "node_modules/bluebird": {
      "version": "3.7.2",
      "license": "MIT"
    },
    "node_modules/boxen": {
      "version": "8.0.1",
      "license": "MIT",
      "dependencies": {
        "ansi-align": "^3.0.1",
        "camelcase": "^8.0.0",
        "chalk": "^5.3.0",
        "cli-boxes": "^3.0.0",
        "string-width": "^7.2.0",
        "type-fest": "^4.21.0",
        "widest-line": "^5.0.0",
        "wrap-ansi": "^9.0.0"
      },
      "engines": {
        "node": ">=18"
      },
      "funding": {
        "url": "https://github.com/sponsors/sindresorhus"
      }
    },
    "node_modules/camelcase": {
      "version": "8.0.0",
      "license": "MIT",
      "engines": {
        "node": ">=16"
      },
      "funding": {
        "url": "https://github.com/sponsors/sindresorhus"
      }
    },
    "node_modules/chalk": {
      "version": "5.6.2",
      "license": "MIT",
      "engines": {
        "node": "^12.17.0 || ^14.13 || >=16.0.0"
      },
      "funding": {
        "url": "https://github.com/chalk/chalk?sponsor=1"
      }
    },
    "node_modules/cli-boxes": {
      "version": "3.0.0",
      "license": "MIT",
      "engines": {
        "node": ">=10"
      },
      "funding": {
        "url": "https://github.com/sponsors/sindresorhus"
      }
    },
    "node_modules/commander": {
      "version": "12.1.0",
      "license": "MIT",
      "engines": {
        "node": ">=18"
      }
    },
    "node_modules/config-chain": {
      "version": "1.1.13",
      "license": "MIT",
      "dependencies": {
        "ini": "^1.3.4",
        "proto-list": "~1.2.1"
      }
    },
    "node_modules/config-chain/node_modules/ini": {
      "version": "1.3.8",
      "license": "ISC"
    },
    "node_modules/configstore": {
      "version": "7.1.0",
      "license": "BSD-2-Clause",
      "dependencies": {
        "atomically": "^2.0.3",
        "dot-prop": "^9.0.0",
        "graceful-fs": "^4.2.11",
        "xdg-basedir": "^5.1.0"
      },
      "engines": {
        "node": ">=18"
      },
      "funding": {
        "url": "https://github.com/sponsors/sindresorhus"
      }
    },
    "node_modules/deep-extend": {
      "version": "0.6.0",
      "license": "MIT",
      "engines": {
        "node": ">=4.0.0"
      }
    },
    "node_modules/dot-prop": {
      "version": "9.0.0",
      "license": "MIT",
      "dependencies": {
        "type-fest": "^4.18.2"
      },
      "engines": {
        "node": ">=18"
      },
      "funding": {
        "url": "https://github.com/sponsors/sindresorhus"
      }
    },
    "node_modules/emoji-regex": {
      "version": "10.6.0",
      "license": "MIT"
    },
    "node_modules/escape-goat": {
      "version": "4.0.0",
      "license": "MIT",
      "engines": {
        "node": ">=12"
      },
      "funding": {
        "url": "https://github.com/sponsors/sindresorhus"
      }
    },
    "node_modules/get-east-asian-width": {
      "version": "1.5.0",
      "license": "MIT",
      "engines": {
        "node": ">=18"
      },
      "funding": {
        "url": "https://github.com/sponsors/sindresorhus"
      }
    },
    "node_modules/global-directory": {
      "version": "4.0.1",
      "license": "MIT",
      "dependencies": {
        "ini": "4.1.1"
      },
      "engines": {
        "node": ">=18"
      },
      "funding": {
        "url": "https://github.com/sponsors/sindresorhus"
      }
    },
    "node_modules/graceful-fs": {
      "version": "4.2.11",
      "license": "ISC"
    },
    "node_modules/ini": {
      "version": "4.1.1",
      "license": "ISC",
      "engines": {
        "node": "^14.17.0 || ^16.13.0 || >=18.0.0"
      }
    },
    "node_modules/is-fullwidth-code-point": {
      "version": "3.0.0",
      "license": "MIT",
      "engines": {
        "node": ">=8"
      }
    },
    "node_modules/is-in-ci": {
      "version": "1.0.0",
      "license": "MIT",
      "bin": {
        "is-in-ci": "cli.js"
      },
      "engines": {
        "node": ">=18"
      },
      "funding": {
        "url": "https://github.com/sponsors/sindresorhus"
      }
    },
    "node_modules/is-installed-globally": {
      "version": "1.0.0",
      "license": "MIT",
      "dependencies": {
        "global-directory": "^4.0.1",
        "is-path-inside": "^4.0.0"
      },
      "engines": {
        "node": ">=18"
      },
      "funding": {
        "url": "https://github.com/sponsors/sindresorhus"
      }
    },
    "node_modules/is-npm": {
      "version": "6.1.0",
      "license": "MIT",
      "engines": {
        "node": "^12.20.0 || ^14.13.1 || >=16.0.0"
      },
      "funding": {
        "url": "https://github.com/sponsors/sindresorhus"
      }
    },
    "node_modules/is-path-inside": {
      "version": "4.0.0",
      "license": "MIT",
      "engines": {
        "node": ">=12"
      },
      "funding": {
        "url": "https://github.com/sponsors/sindresorhus"
      }
    },
    "node_modules/ky": {
      "version": "1.14.3",
      "license": "MIT",
      "engines": {
        "node": ">=18"
      },
      "funding": {
        "url": "https://github.com/sindresorhus/ky?sponsor=1"
      }
    },
    "node_modules/latest-version": {
      "version": "9.0.0",
      "license": "MIT",
      "dependencies": {
        "package-json": "^10.0.0"
      },
      "engines": {
        "node": ">=18"
      },
      "funding": {
        "url": "https://github.com/sponsors/sindresorhus"
      }
    },
    "node_modules/minimist": {
      "version": "1.2.8",
      "license": "MIT",
      "funding": {
        "url": "https://github.com/sponsors/ljharb"
      }
    },
    "node_modules/package-json": {
      "version": "10.0.1",
      "license": "MIT",
      "dependencies": {
        "ky": "^1.2.0",
        "registry-auth-token": "^5.0.2",
        "registry-url": "^6.0.1",
        "semver": "^7.6.0"
      },
      "engines": {
        "node": ">=18"
      },
      "funding": {
        "url": "https://github.com/sponsors/sindresorhus"
      }
    },
    "node_modules/proto-list": {
      "version": "1.2.4",
      "license": "ISC"
    },
    "node_modules/pupa": {
      "version": "3.3.0",
      "license": "MIT",
      "dependencies": {
        "escape-goat": "^4.0.0"
      },
      "engines": {
        "node": ">=12.20"
      },
      "funding": {
        "url": "https://github.com/sponsors/sindresorhus"
      }
    },
    "node_modules/rc": {
      "version": "1.2.8",
      "license": "(BSD-2-Clause OR MIT OR Apache-2.0)",
      "dependencies": {
        "deep-extend": "^0.6.0",
        "ini": "~1.3.0",
        "minimist": "^1.2.0",
        "strip-json-comments": "~2.0.1"
      },
      "bin": {
        "rc": "cli.js"
      }
    },
    "node_modules/rc/node_modules/ini": {
      "version": "1.3.8",
      "license": "ISC"
    },
    "node_modules/registry-auth-token": {
      "version": "5.1.1",
      "license": "MIT",
      "dependencies": {
        "@pnpm/npm-conf": "^3.0.2"
      },
      "engines": {
        "node": ">=14"
      }
    },
    "node_modules/registry-url": {
      "version": "6.0.1",
      "license": "MIT",
      "dependencies": {
        "rc": "1.2.8"
      },
      "engines": {
        "node": ">=12"
      },
      "funding": {
        "url": "https://github.com/sponsors/sindresorhus"
      }
    },
    "node_modules/semver": {
      "version": "7.7.4",
      "license": "ISC",
      "bin": {
        "semver": "bin/semver.js"
      },
      "engines": {
        "node": ">=10"
      }
    },
    "node_modules/string-width": {
      "version": "7.2.0",
      "license": "MIT",
      "dependencies": {
        "emoji-regex": "^10.3.0",
        "get-east-asian-width": "^1.0.0",
        "strip-ansi": "^7.1.0"
      },
      "engines": {
        "node": ">=18"
      },
      "funding": {
        "url": "https://github.com/sponsors/sindresorhus"
      }
    },
    "node_modules/strip-ansi": {
      "version": "7.2.0",
      "license": "MIT",
      "dependencies": {
        "ansi-regex": "^6.2.2"
      },
      "engines": {
        "node": ">=12"
      },
      "funding": {
        "url": "https://github.com/chalk/strip-ansi?sponsor=1"
      }
    },
    "node_modules/strip-json-comments": {
      "version": "2.0.1",
      "license": "MIT",
      "engines": {
        "node": ">=0.10.0"
      }
    },
    "node_modules/stubborn-fs": {
      "version": "2.0.0",
      "license": "MIT",
      "dependencies": {
        "stubborn-utils": "^1.0.1"
      }
    },
    "node_modules/stubborn-utils": {
      "version": "1.0.2",
      "license": "MIT"
    },
    "node_modules/type-fest": {
      "version": "4.41.0",
      "license": "(MIT OR CC0-1.0)",
      "engines": {
        "node": ">=16"
      },
      "funding": {
        "url": "https://github.com/sponsors/sindresorhus"
      }
    },
    "node_modules/update-notifier": {
      "version": "7.3.1",
      "license": "BSD-2-Clause",
      "dependencies": {
        "boxen": "^8.0.1",
        "chalk": "^5.3.0",
        "configstore": "^7.0.0",
        "is-in-ci": "^1.0.0",
        "is-installed-globally": "^1.0.0",
        "is-npm": "^6.0.0",
        "latest-version": "^9.0.0",
        "pupa": "^3.1.0",
        "semver": "^7.6.3",
        "xdg-basedir": "^5.1.0"
      },
      "engines": {
        "node": ">=18"
      },
      "funding": {
        "url": "https://github.com/yeoman/update-notifier?sponsor=1"
      }
    },
    "node_modules/when-exit": {
      "version": "2.1.5",
      "license": "MIT"
    },
    "node_modules/widest-line": {
      "version": "5.0.0",
      "license": "MIT",
      "dependencies": {
        "string-width": "^7.0.0"
      },
      "engines": {
        "node": ">=18"
      },
      "funding": {
        "url": "https://github.com/sponsors/sindresorhus"
      }
    },
    "node_modules/wrap-ansi": {
      "version": "9.0.2",
      "license": "MIT",
      "dependencies": {
        "ansi-styles": "^6.2.1",
        "string-width": "^7.0.0",
        "strip-ansi": "^7.1.0"
      },
      "engines": {
        "node": ">=18"
      },
      "funding": {
        "url": "https://github.com/chalk/wrap-ansi?sponsor=1"
      }
    },
    "node_modules/xdg-basedir": {
      "version": "5.1.0",
      "license": "MIT",
      "engines": {
        "node": ">=12"
      },
      "funding": {
        "url": "https://github.com/sponsors/sindresorhus"
      }
    }
  }
}
